
Microsoft Visual Studio Solution File, Format Version 12.00
Project("{FAE04EC0-301F-11D3-BF4B-00C04F79EFBC}") = "TelegramBot.CommandWorkflows.Infrastructure", "TelegramBot.CommandWorkflows.Infrastructure\TelegramBot.CommandWorkflows.Infrastructure.csproj", "{C3141379-272C-40AF-904E-26AF657DB542}"
EndProject
Project("{FAE04EC0-301F-11D3-BF4B-00C04F79EFBC}") = "CommandWorkflows.TestApplication", "CommandWorkflows.TestApplication\CommandWorkflows.TestApplication.csproj", "{D2F1D9E9-A2F0-4B76-AC4F-DD85602170ED}"
EndProject
Global
	GlobalSection(SolutionConfigurationPlatforms) = preSolution
		Debug|Any CPU = Debug|Any CPU
		Release|Any CPU = Release|Any CPU
	EndGlobalSection
	GlobalSection(ProjectConfigurationPlatforms) = postSolution
		{C3141379-272C-40AF-904E-26AF657DB542}.Debug|Any CPU.ActiveCfg = Debug|Any CPU
		{C3141379-272C-40AF-904E-26AF657DB542}.Debug|Any CPU.Build.0 = Debug|Any CPU
		{C3141379-272C-40AF-904E-26AF657DB542}.Release|Any CPU.ActiveCfg = Release|Any CPU
		{C3141379-272C-40AF-904E-26AF657DB542}.Release|Any CPU.Build.0 = Release|Any CPU
		{D2F1D9E9-A2F0-4B76-AC4F-DD85602170ED}.Debug|Any CPU.ActiveCfg = Debug|Any CPU
		{D2F1D9E9-A2F0-4B76-AC4F-DD85602170ED}.Debug|Any CPU.Build.0 = Debug|Any CPU
		{D2F1D9E9-A2F0-4B76-AC4F-DD85602170ED}.Release|Any CPU.ActiveCfg = Release|Any CPU
		{D2F1D9E9-A2F0-4B76-AC4F-DD85602170ED}.Release|Any CPU.Build.0 = Release|Any CPU
	EndGlobalSection
EndGlobal
